
Microsoft Visual Studio Solution File, Format Version 12.00
# Visual Studio Version 17
VisualStudioVersion = 17.11.35312.102
MinimumVisualStudioVersion = 10.0.40219.1
Project("{FAE04EC0-301F-11D3-BF4B-00C04F79EFBC}") = "MyApi", "MyApi\MyApi.csproj", "{56990ACC-CBB0-4A21-A911-F294843230C1}"
EndProject
Global
	GlobalSection(SolutionConfigurationPlatforms) = preSolution
		Debug|Any CPU = Debug|Any CPU
		Release|Any CPU = Release|Any CPU
	EndGlobalSection
	GlobalSection(ProjectConfigurationPlatforms) = postSolution
		{56990ACC-CBB0-4A21-A911-F294843230C1}.Debug|Any CPU.ActiveCfg = Debug|Any CPU
		{56990ACC-CBB0-4A21-A911-F294843230C1}.Debug|Any CPU.Build.0 = Debug|Any CPU
		{56990ACC-CBB0-4A21-A911-F294843230C1}.Release|Any CPU.ActiveCfg = Release|Any CPU
		{56990ACC-CBB0-4A21-A911-F294843230C1}.Release|Any CPU.Build.0 = Release|Any CPU
	EndGlobalSection
	GlobalSection(SolutionProperties) = preSolution
		HideSolutionNode = FALSE
	EndGlobalSection
	GlobalSection(ExtensibilityGlobals) = postSolution
		SolutionGuid = {1C1E4207-8565-4778-AC66-A1C4A79ED7E7}
	EndGlobalSection
EndGlobal
